
Microsoft Visual Studio Solution File, Format Version 12.00
# Visual Studio Version 17
VisualStudioVersion = 17.10.35122.118
MinimumVisualStudioVersion = 10.0.40219.1
Project("{FAE04EC0-301F-11D3-BF4B-00C04F79EFBC}") = "ASPNETPROJECT1", "ASPNETPROJECT1\ASPNETPROJECT1.csproj", "{2969A7D5-55F9-4379-962D-7C1708F59A22}"
EndProject
Global
	GlobalSection(SolutionConfigurationPlatforms) = preSolution
		Debug|Any CPU = Debug|Any CPU
		Release|Any CPU = Release|Any CPU
	EndGlobalSection
	GlobalSection(ProjectConfigurationPlatforms) = postSolution
		{2969A7D5-55F9-4379-962D-7C1708F59A22}.Debug|Any CPU.ActiveCfg = Debug|Any CPU
		{2969A7D5-55F9-4379-962D-7C1708F59A22}.Debug|Any CPU.Build.0 = Debug|Any CPU
		{2969A7D5-55F9-4379-962D-7C1708F59A22}.Release|Any CPU.ActiveCfg = Release|Any CPU
		{2969A7D5-55F9-4379-962D-7C1708F59A22}.Release|Any CPU.Build.0 = Release|Any CPU
	EndGlobalSection
	GlobalSection(SolutionProperties) = preSolution
		HideSolutionNode = FALSE
	EndGlobalSection
	GlobalSection(ExtensibilityGlobals) = postSolution
		SolutionGuid = {C6F6C23F-2DA6-4366-8F29-A5E58B9D27EF}
	EndGlobalSection
EndGlobal
